{
  "lockfile_version": "1",
  "packages": {
    "github:NixOS/nixpkgs/nixpkgs-unstable": {
      "last_modified": "2026-03-11T12:14:37Z",
      "resolved": "github:NixOS/nixpkgs/75690239f08f885ca9b0267580101f60d10fbe62?lastModified=1773231277&narHash=sha256-Xy3WEpUAbpsz8ydgvVAQAGGB%2FWB%2B8cNA5cshiL0McTI%3D"
    },
    "python@3.14.3": {
      "last_modified": "2026-02-23T15:40:43Z",
      "plugin_version": "0.0.4",
      "resolved": "github:NixOS/nixpkgs/80d901ec0377e19ac3f7bb8c035201e2e098cc97#python314",
      "source": "devbox-search",
      "version": "3.14.3",
      "systems": {
        "aarch64-darwin": {
          "outputs": [
            {
              "name": "out",
              "path": "/nix/store/gzycj9hwfmvm8qvh41lf8afmcdxnriig-python3-3.14.3",
              "default": true
            }
          ],
          "store_path": "/nix/store/gzycj9hwfmvm8qvh41lf8afmcdxnriig-python3-3.14.3"
        },
        "aarch64-linux": {
          "outputs": [
            {
              "name": "out",
              "path": "/nix/store/qq0qwcldmiylcy4c0a0xilqwmbkmjd3y-python3-3.14.3",
              "default": true
            },
            {
              "name": "debug",
              "path": "/nix/store/vy7zp00nd9n4pw51ldljbal75hznf5ns-python3-3.14.3-debug"
            }
          ],
          "store_path": "/nix/store/qq0qwcldmiylcy4c0a0xilqwmbkmjd3y-python3-3.14.3"
        },
        "x86_64-darwin": {
          "outputs": [
            {
              "name": "out",
              "path": "/nix/store/axbfzmxga1ka88m9fvn960nybc48i9h5-python3-3.14.3",
              "default": true
            }
          ],
          "store_path": "/nix/store/axbfzmxga1ka88m9fvn960nybc48i9h5-python3-3.14.3"
        },
        "x86_64-linux": {
          "outputs": [
            {
              "name": "out",
              "path": "/nix/store/8gnchv834z56s561v3sx2h0ra1a2xn46-python3-3.14.3",
              "default": true
            },
            {
              "name": "debug",
              "path": "/nix/store/lqaaivl5ppkgprnawizmzixcjx2bw4hi-python3-3.14.3-debug"
            }
          ],
          "store_path": "/nix/store/8gnchv834z56s561v3sx2h0ra1a2xn46-python3-3.14.3"
        }
      }
    },
    "uv@0.10.9": {
      "last_modified": "2026-03-10T02:35:18Z",
      "resolved": "github:NixOS/nixpkgs/e607cb5360ff1234862ac9f8839522becb853bb9#uv",
      "source": "devbox-search",
      "version": "0.10.9",
      "systems": {
        "aarch64-darwin": {
          "outputs": [
            {
              "name": "out",
              "path": "/nix/store/wmckdc6wg4ras8rb354n4672rq3xwr9i-uv-0.10.9",
              "default": true
            }
          ],
          "store_path": "/nix/store/wmckdc6wg4ras8rb354n4672rq3xwr9i-uv-0.10.9"
        },
        "aarch64-linux": {
          "outputs": [
            {
              "name": "out",
              "path": "/nix/store/8idsi0vzrrvyjcvhb908gvg9wx49vrvm-uv-0.10.9",
              "default": true
            }
          ],
          "store_path": "/nix/store/8idsi0vzrrvyjcvhb908gvg9wx49vrvm-uv-0.10.9"
        },
        "x86_64-darwin": {
          "outputs": [
            {
              "name": "out",
              "path": "/nix/store/qi4bdz0a1msls43y0ilh02mksl1wnfjq-uv-0.10.9",
              "default": true
            }
          ],
          "store_path": "/nix/store/qi4bdz0a1msls43y0ilh02mksl1wnfjq-uv-0.10.9"
        },
        "x86_64-linux": {
          "outputs": [
            {
              "name": "out",
              "path": "/nix/store/84rpgnqzji6dlcdg6dp8hkr6n469cwg1-uv-0.10.9",
              "default": true
            }
          ],
          "store_path": "/nix/store/84rpgnqzji6dlcdg6dp8hkr6n469cwg1-uv-0.10.9"
        }
      }
    }
  }
}
