{
  "lockfile_version": "1",
  "packages": {
    "github:NixOS/nixpkgs/nixpkgs-unstable": {
      "last_modified": "2025-07-02T23:15:33Z",
      "resolved": "github:NixOS/nixpkgs/d55716bb59b91ae9d1ced4b1ccdea7a442ecbfdb?lastModified=1751498133&narHash=sha256-QWJ%2BNQbMU%2BNcU2xiyo7SNox1fAuwksGlQhpzBl76g1I%3D"
    },
    "python@3.13.3": {
      "last_modified": "2025-05-16T20:19:48Z",
      "plugin_version": "0.0.4",
      "resolved": "github:NixOS/nixpkgs/12a55407652e04dcf2309436eb06fef0d3713ef3#python313",
      "source": "devbox-search",
      "version": "3.13.3",
      "systems": {
        "aarch64-darwin": {
          "outputs": [
            {
              "name": "out",
              "path": "/nix/store/1a8xg8l3m67hxinxzzcsak9736qm9vsf-python3-3.13.3",
              "default": true
            }
          ],
          "store_path": "/nix/store/1a8xg8l3m67hxinxzzcsak9736qm9vsf-python3-3.13.3"
        },
        "aarch64-linux": {
          "outputs": [
            {
              "name": "out",
              "path": "/nix/store/yy0xvc2rydhrs0h1v8d7r3sql347xzz5-python3-3.13.3",
              "default": true
            },
            {
              "name": "debug",
              "path": "/nix/store/42bxfqfrh8cwspl7szr0cw8739xv8qlq-python3-3.13.3-debug"
            }
          ],
          "store_path": "/nix/store/yy0xvc2rydhrs0h1v8d7r3sql347xzz5-python3-3.13.3"
        },
        "x86_64-darwin": {
          "outputs": [
            {
              "name": "out",
              "path": "/nix/store/gbrigjhghz9v2p0zf9b2fnvs0g0yx7q4-python3-3.13.3",
              "default": true
            }
          ],
          "store_path": "/nix/store/gbrigjhghz9v2p0zf9b2fnvs0g0yx7q4-python3-3.13.3"
        },
        "x86_64-linux": {
          "outputs": [
            {
              "name": "out",
              "path": "/nix/store/2mab9iiwhcqwk75qwvp3zv0bvbiaq6cs-python3-3.13.3",
              "default": true
            },
            {
              "name": "debug",
              "path": "/nix/store/9z6k8ijl2md0y2n95yprbjj4vxbfsi15-python3-3.13.3-debug"
            }
          ],
          "store_path": "/nix/store/2mab9iiwhcqwk75qwvp3zv0bvbiaq6cs-python3-3.13.3"
        }
      }
    },
    "uv@0.7.17": {
      "last_modified": "2025-07-01T05:58:53Z",
      "resolved": "github:NixOS/nixpkgs/bdfd0f2afcf764e531d0960c821ab070a6174b15#uv",
      "source": "devbox-search",
      "version": "0.7.17",
      "systems": {
        "aarch64-darwin": {
          "outputs": [
            {
              "name": "out",
              "path": "/nix/store/c3rzy1qsk33yh3qwg4pbcfcxwqcynq6j-uv-0.7.17",
              "default": true
            }
          ],
          "store_path": "/nix/store/c3rzy1qsk33yh3qwg4pbcfcxwqcynq6j-uv-0.7.17"
        },
        "aarch64-linux": {
          "outputs": [
            {
              "name": "out",
              "path": "/nix/store/rr7idls3vhc0rg1l5l295ycn2wh47xyi-uv-0.7.17",
              "default": true
            }
          ],
          "store_path": "/nix/store/rr7idls3vhc0rg1l5l295ycn2wh47xyi-uv-0.7.17"
        },
        "x86_64-darwin": {
          "outputs": [
            {
              "name": "out",
              "path": "/nix/store/bq959lw525l8kdjb20ingd7x4f01jf3d-uv-0.7.17",
              "default": true
            }
          ],
          "store_path": "/nix/store/bq959lw525l8kdjb20ingd7x4f01jf3d-uv-0.7.17"
        },
        "x86_64-linux": {
          "outputs": [
            {
              "name": "out",
              "path": "/nix/store/j8knkw6pw8a98614mvgn25g37ajv6k0r-uv-0.7.17",
              "default": true
            }
          ],
          "store_path": "/nix/store/j8knkw6pw8a98614mvgn25g37ajv6k0r-uv-0.7.17"
        }
      }
    }
  }
}
